// !$*UTF8*$!
{
	archiveVersion = 1;
	classes = {
	};
	objectVersion = 46;
	objects = {

/* Begin PBXBuildFile section */
		1EBB81D71882B3C1008B7FA4 /* HTMLPurifier_Lexer_libxmlLex.h in Headers */ = {isa = PBXBuildFile; fileRef = 1EBB81D51882B3C1008B7FA4 /* HTMLPurifier_Lexer_libxmlLex.h */; };
		1EBB81D81882B3C1008B7FA4 /* HTMLPurifier_Lexer_libxmlLex.m in Sources */ = {isa = PBXBuildFile; fileRef = 1EBB81D61882B3C1008B7FA4 /* HTMLPurifier_Lexer_libxmlLex.m */; };
		1EBB81DA1882C94D008B7FA4 /* libxml2.dylib in Frameworks */ = {isa = PBXBuildFile; fileRef = 1EBB81D91882C94D008B7FA4 /* libxml2.dylib */; };
		1ED0392C1880530A0075F6A4 /* HTMLPurifier_CSSDefinition.h in Headers */ = {isa = PBXBuildFile; fileRef = 1ED0392A1880530A0075F6A4 /* HTMLPurifier_CSSDefinition.h */; };
		1ED0392D1880530A0075F6A4 /* HTMLPurifier_CSSDefinition.m in Sources */ = {isa = PBXBuildFile; fileRef = 1ED0392B1880530A0075F6A4 /* HTMLPurifier_CSSDefinition.m */; };
		1ED03930188057C60075F6A4 /* HTMLPurifier_AttrDef.h in Headers */ = {isa = PBXBuildFile; fileRef = 1ED0392E188057C60075F6A4 /* HTMLPurifier_AttrDef.h */; };
		1ED03931188057C60075F6A4 /* HTMLPurifier_AttrDef.m in Sources */ = {isa = PBXBuildFile; fileRef = 1ED0392F188057C60075F6A4 /* HTMLPurifier_AttrDef.m */; };
		1ED0393418805A150075F6A4 /* BasicPHP.h in Headers */ = {isa = PBXBuildFile; fileRef = 1ED0393218805A150075F6A4 /* BasicPHP.h */; };
		1ED0393518805A150075F6A4 /* BasicPHP.m in Sources */ = {isa = PBXBuildFile; fileRef = 1ED0393318805A150075F6A4 /* BasicPHP.m */; };
		1ED03938188068570075F6A4 /* HTMLPurifier_AttrDef_Enum.h in Headers */ = {isa = PBXBuildFile; fileRef = 1ED03936188068570075F6A4 /* HTMLPurifier_AttrDef_Enum.h */; };
		1ED03939188068570075F6A4 /* HTMLPurifier_AttrDef_Enum.m in Sources */ = {isa = PBXBuildFile; fileRef = 1ED03937188068570075F6A4 /* HTMLPurifier_AttrDef_Enum.m */; };
		1ED0393C18806E590075F6A4 /* HTMLPurifier_AttrDef_CSS_Multiple.h in Headers */ = {isa = PBXBuildFile; fileRef = 1ED0393A18806E590075F6A4 /* HTMLPurifier_AttrDef_CSS_Multiple.h */; };
		1ED0393D18806E590075F6A4 /* HTMLPurifier_AttrDef_CSS_Multiple.m in Sources */ = {isa = PBXBuildFile; fileRef = 1ED0393B18806E590075F6A4 /* HTMLPurifier_AttrDef_CSS_Multiple.m */; };
		1ED039401880758F0075F6A4 /* HTMLPurifier_AttrDef_CSS_Composite.h in Headers */ = {isa = PBXBuildFile; fileRef = 1ED0393E1880758F0075F6A4 /* HTMLPurifier_AttrDef_CSS_Composite.h */; };
		1ED039411880758F0075F6A4 /* HTMLPurifier_AttrDef_CSS_Composite.m in Sources */ = {isa = PBXBuildFile; fileRef = 1ED0393F1880758F0075F6A4 /* HTMLPurifier_AttrDef_CSS_Composite.m */; };
		1ED03944188089B90075F6A4 /* HTMLPurifier_AttrDef_CSS_BackgroundPosition.h in Headers */ = {isa = PBXBuildFile; fileRef = 1ED03942188089B90075F6A4 /* HTMLPurifier_AttrDef_CSS_BackgroundPosition.h */; };
		1ED03945188089B90075F6A4 /* HTMLPurifier_AttrDef_CSS_BackgroundPosition.m in Sources */ = {isa = PBXBuildFile; fileRef = 1ED03943188089B90075F6A4 /* HTMLPurifier_AttrDef_CSS_BackgroundPosition.m */; };
		1ED0394C18808EC90075F6A4 /* HTMLPurifier_Length.h in Headers */ = {isa = PBXBuildFile; fileRef = 1ED0394A18808EC90075F6A4 /* HTMLPurifier_Length.h */; };
		1ED0394D18808EC90075F6A4 /* HTMLPurifier_Length.m in Sources */ = {isa = PBXBuildFile; fileRef = 1ED0394B18808EC90075F6A4 /* HTMLPurifier_Length.m */; };
		1ED039501880C8510075F6A4 /* HTMLPurifier_AttrDef_CSS_Percentage.h in Headers */ = {isa = PBXBuildFile; fileRef = 1ED0394E1880C8510075F6A4 /* HTMLPurifier_AttrDef_CSS_Percentage.h */; };
		1ED039511880C8510075F6A4 /* HTMLPurifier_AttrDef_CSS_Percentage.m in Sources */ = {isa = PBXBuildFile; fileRef = 1ED0394F1880C8510075F6A4 /* HTMLPurifier_AttrDef_CSS_Percentage.m */; };
		1ED039541880CB150075F6A4 /* HTMLPurifier_AttrDef_Switch.h in Headers */ = {isa = PBXBuildFile; fileRef = 1ED039521880CB150075F6A4 /* HTMLPurifier_AttrDef_Switch.h */; };
		1ED039551880CB150075F6A4 /* HTMLPurifier_AttrDef_Switch.m in Sources */ = {isa = PBXBuildFile; fileRef = 1ED039531880CB150075F6A4 /* HTMLPurifier_AttrDef_Switch.m */; };
		1ED039581880CE810075F6A4 /* HTMLPurifier_AttrDef_CSS_URI.h in Headers */ = {isa = PBXBuildFile; fileRef = 1ED039561880CE810075F6A4 /* HTMLPurifier_AttrDef_CSS_URI.h */; };
		1ED039591880CE810075F6A4 /* HTMLPurifier_AttrDef_CSS_URI.m in Sources */ = {isa = PBXBuildFile; fileRef = 1ED039571880CE810075F6A4 /* HTMLPurifier_AttrDef_CSS_URI.m */; };
		1ED0395C1880D46B0075F6A4 /* HTMLPurifier_AttrDef_CSS_TextDecoration.h in Headers */ = {isa = PBXBuildFile; fileRef = 1ED0395A1880D46B0075F6A4 /* HTMLPurifier_AttrDef_CSS_TextDecoration.h */; };
		1ED0395D1880D46B0075F6A4 /* HTMLPurifier_AttrDef_CSS_TextDecoration.m in Sources */ = {isa = PBXBuildFile; fileRef = 1ED0395B1880D46B0075F6A4 /* HTMLPurifier_AttrDef_CSS_TextDecoration.m */; };
		1ED039611880D7BE0075F6A4 /* HTMLPurifier_Encoder.h in Headers */ = {isa = PBXBuildFile; fileRef = 1ED0395F1880D7BE0075F6A4 /* HTMLPurifier_Encoder.h */; };
		1ED039621880D7BE0075F6A4 /* HTMLPurifier_Encoder.m in Sources */ = {isa = PBXBuildFile; fileRef = 1ED039601880D7BE0075F6A4 /* HTMLPurifier_Encoder.m */; };
		1ED039651880DCE30075F6A4 /* HTMLPurifier_AttrDef_CSS_Border.h in Headers */ = {isa = PBXBuildFile; fileRef = 1ED039631880DCE30075F6A4 /* HTMLPurifier_AttrDef_CSS_Border.h */; };
		1ED039661880DCE30075F6A4 /* HTMLPurifier_AttrDef_CSS_Border.m in Sources */ = {isa = PBXBuildFile; fileRef = 1ED039641880DCE30075F6A4 /* HTMLPurifier_AttrDef_CSS_Border.m */; };
		1ED039691880E2290075F6A4 /* HTMLPurifier_AttrDef_CSS_Length.h in Headers */ = {isa = PBXBuildFile; fileRef = 1ED039671880E2290075F6A4 /* HTMLPurifier_AttrDef_CSS_Length.h */; };
		1ED0396A1880E2290075F6A4 /* HTMLPurifier_AttrDef_CSS_Length.m in Sources */ = {isa = PBXBuildFile; fileRef = 1ED039681880E2290075F6A4 /* HTMLPurifier_AttrDef_CSS_Length.m */; };
		1ED0396D1880E58C0075F6A4 /* HTMLPurifier_AttrDef_CSS_Number.h in Headers */ = {isa = PBXBuildFile; fileRef = 1ED0396B1880E58C0075F6A4 /* HTMLPurifier_AttrDef_CSS_Number.h */; };
		1ED0396E1880E58C0075F6A4 /* HTMLPurifier_AttrDef_CSS_Number.m in Sources */ = {isa = PBXBuildFile; fileRef = 1ED0396C1880E58C0075F6A4 /* HTMLPurifier_AttrDef_CSS_Number.m */; };
		1ED03972188145230075F6A4 /* HTMLPurifier_AttrDef_CSS_AlphaValue.h in Headers */ = {isa = PBXBuildFile; fileRef = 1ED03970188145230075F6A4 /* HTMLPurifier_AttrDef_CSS_AlphaValue.h */; };
		1ED03973188145230075F6A4 /* HTMLPurifier_AttrDef_CSS_AlphaValue.m in Sources */ = {isa = PBXBuildFile; fileRef = 1ED03971188145230075F6A4 /* HTMLPurifier_AttrDef_CSS_AlphaValue.m */; };
		1ED0397618814A850075F6A4 /* HTMLPurifier_AttrDef_CSS_ListStyle.h in Headers */ = {isa = PBXBuildFile; fileRef = 1ED0397418814A850075F6A4 /* HTMLPurifier_AttrDef_CSS_ListStyle.h */; };
		1ED0397718814A850075F6A4 /* HTMLPurifier_AttrDef_CSS_ListStyle.m in Sources */ = {isa = PBXBuildFile; fileRef = 1ED0397518814A850075F6A4 /* HTMLPurifier_AttrDef_CSS_ListStyle.m */; };
		1ED0397A188150EC0075F6A4 /* HTMLPurifier_AttrDef_CSS_Color.h in Headers */ = {isa = PBXBuildFile; fileRef = 1ED03978188150EC0075F6A4 /* HTMLPurifier_AttrDef_CSS_Color.h */; };
		1ED0397B188150EC0075F6A4 /* HTMLPurifier_AttrDef_CSS_Color.m in Sources */ = {isa = PBXBuildFile; fileRef = 1ED03979188150EC0075F6A4 /* HTMLPurifier_AttrDef_CSS_Color.m */; };
		1ED0397E1881563F0075F6A4 /* HTMLPurifier_AttrDef_CSS_Background.h in Headers */ = {isa = PBXBuildFile; fileRef = 1ED0397C1881563F0075F6A4 /* HTMLPurifier_AttrDef_CSS_Background.h */; };
		1ED0397F1881563F0075F6A4 /* HTMLPurifier_AttrDef_CSS_Background.m in Sources */ = {isa = PBXBuildFile; fileRef = 1ED0397D1881563F0075F6A4 /* HTMLPurifier_AttrDef_CSS_Background.m */; };
		803FD419188042260010D799 /* HTMLPurifier_Config.h in Headers */ = {isa = PBXBuildFile; fileRef = 803FD417188042260010D799 /* HTMLPurifier_Config.h */; };
		803FD41A188042260010D799 /* HTMLPurifier_Config.m in Sources */ = {isa = PBXBuildFile; fileRef = 803FD418188042260010D799 /* HTMLPurifier_Config.m */; };
		803FD41D188048780010D799 /* HTMLPurifier_Strategy_Core.h in Headers */ = {isa = PBXBuildFile; fileRef = 803FD41B188048780010D799 /* HTMLPurifier_Strategy_Core.h */; };
		803FD41E188048780010D799 /* HTMLPurifier_Strategy_Core.m in Sources */ = {isa = PBXBuildFile; fileRef = 803FD41C188048780010D799 /* HTMLPurifier_Strategy_Core.m */; };
		803FD421188048E30010D799 /* HTMLPurifier_Generator.h in Headers */ = {isa = PBXBuildFile; fileRef = 803FD41F188048E30010D799 /* HTMLPurifier_Generator.h */; };
		803FD422188048E30010D799 /* HTMLPurifier_Generator.m in Sources */ = {isa = PBXBuildFile; fileRef = 803FD420188048E30010D799 /* HTMLPurifier_Generator.m */; };
		803FD4251880497E0010D799 /* HTMLPurifier_Context.h in Headers */ = {isa = PBXBuildFile; fileRef = 803FD4231880497E0010D799 /* HTMLPurifier_Context.h */; };
		803FD4261880497E0010D799 /* HTMLPurifier_Context.m in Sources */ = {isa = PBXBuildFile; fileRef = 803FD4241880497E0010D799 /* HTMLPurifier_Context.m */; };
		803FD42918804E270010D799 /* HTMLPurifier_Filter.h in Headers */ = {isa = PBXBuildFile; fileRef = 803FD42718804E270010D799 /* HTMLPurifier_Filter.h */; };
		803FD42A18804E270010D799 /* HTMLPurifier_Filter.m in Sources */ = {isa = PBXBuildFile; fileRef = 803FD42818804E270010D799 /* HTMLPurifier_Filter.m */; };
		803FD42D188055D60010D799 /* HTMLPurifier_Lexer.h in Headers */ = {isa = PBXBuildFile; fileRef = 803FD42B188055D60010D799 /* HTMLPurifier_Lexer.h */; };
		803FD42E188055D60010D799 /* HTMLPurifier_Lexer.m in Sources */ = {isa = PBXBuildFile; fileRef = 803FD42C188055D60010D799 /* HTMLPurifier_Lexer.m */; };
		803FD43118805B760010D799 /* HTMLPurifier_LanguageFactory.h in Headers */ = {isa = PBXBuildFile; fileRef = 803FD42F18805B760010D799 /* HTMLPurifier_LanguageFactory.h */; };
		803FD43218805B760010D799 /* HTMLPurifier_LanguageFactory.m in Sources */ = {isa = PBXBuildFile; fileRef = 803FD43018805B760010D799 /* HTMLPurifier_LanguageFactory.m */; };
		803FD43518805D190010D799 /* HTMLPurifier_Language.h in Headers */ = {isa = PBXBuildFile; fileRef = 803FD43318805D190010D799 /* HTMLPurifier_Language.h */; };
		803FD43618805D190010D799 /* HTMLPurifier_Language.m in Sources */ = {isa = PBXBuildFile; fileRef = 803FD43418805D190010D799 /* HTMLPurifier_Language.m */; };
		803FD43918805DF70010D799 /* HTMLPurifier_ErrorCollector.h in Headers */ = {isa = PBXBuildFile; fileRef = 803FD43718805DF70010D799 /* HTMLPurifier_ErrorCollector.h */; };
		803FD43A18805DF70010D799 /* HTMLPurifier_ErrorCollector.m in Sources */ = {isa = PBXBuildFile; fileRef = 803FD43818805DF70010D799 /* HTMLPurifier_ErrorCollector.m */; };
		803FD43D18805F030010D799 /* HTMLPurifier_IDAccumulator.h in Headers */ = {isa = PBXBuildFile; fileRef = 803FD43B18805F030010D799 /* HTMLPurifier_IDAccumulator.h */; };
		803FD43E18805F030010D799 /* HTMLPurifier_IDAccumulator.m in Sources */ = {isa = PBXBuildFile; fileRef = 803FD43C18805F030010D799 /* HTMLPurifier_IDAccumulator.m */; };
		803FD44518809A0E0010D799 /* HTMLPurifier_AttrDef_HTML_Bool.h in Headers */ = {isa = PBXBuildFile; fileRef = 803FD44318809A0E0010D799 /* HTMLPurifier_AttrDef_HTML_Bool.h */; };
		803FD44618809A0E0010D799 /* HTMLPurifier_AttrDef_HTML_Bool.m in Sources */ = {isa = PBXBuildFile; fileRef = 803FD44418809A0E0010D799 /* HTMLPurifier_AttrDef_HTML_Bool.m */; };
		803FD44B1880A73A0010D799 /* HTMLPurifier_AttrDef_HTML_Nmtokens.h in Headers */ = {isa = PBXBuildFile; fileRef = 803FD4491880A73A0010D799 /* HTMLPurifier_AttrDef_HTML_Nmtokens.h */; };
		803FD44C1880A73A0010D799 /* HTMLPurifier_AttrDef_HTML_Nmtokens.m in Sources */ = {isa = PBXBuildFile; fileRef = 803FD44A1880A73A0010D799 /* HTMLPurifier_AttrDef_HTML_Nmtokens.m */; };
		803FD44F1880B0220010D799 /* HTMLPurifier_AttrDef_HTML_Class.h in Headers */ = {isa = PBXBuildFile; fileRef = 803FD44D1880B0220010D799 /* HTMLPurifier_AttrDef_HTML_Class.h */; };
		803FD4501880B0220010D799 /* HTMLPurifier_AttrDef_HTML_Class.m in Sources */ = {isa = PBXBuildFile; fileRef = 803FD44E1880B0220010D799 /* HTMLPurifier_AttrDef_HTML_Class.m */; };
		803FD453188153EE0010D799 /* HTMLPurifier_AttrDef_HTML_Color.h in Headers */ = {isa = PBXBuildFile; fileRef = 803FD451188153EE0010D799 /* HTMLPurifier_AttrDef_HTML_Color.h */; };
		803FD454188153EE0010D799 /* HTMLPurifier_AttrDef_HTML_Color.m in Sources */ = {isa = PBXBuildFile; fileRef = 803FD452188153EE0010D799 /* HTMLPurifier_AttrDef_HTML_Color.m */; };
		803FD45718815BF50010D799 /* HTMLPurifier_AttrDef_HTML_FrameTarget.h in Headers */ = {isa = PBXBuildFile; fileRef = 803FD45518815BF50010D799 /* HTMLPurifier_AttrDef_HTML_FrameTarget.h */; };
		803FD45818815BF50010D799 /* HTMLPurifier_AttrDef_HTML_FrameTarget.m in Sources */ = {isa = PBXBuildFile; fileRef = 803FD45618815BF50010D799 /* HTMLPurifier_AttrDef_HTML_FrameTarget.m */; };
		803FD45B1881621F0010D799 /* HTMLPurifier_AttrDef_HTML_ID.h in Headers */ = {isa = PBXBuildFile; fileRef = 803FD4591881621F0010D799 /* HTMLPurifier_AttrDef_HTML_ID.h */; };
		803FD45C1881621F0010D799 /* HTMLPurifier_AttrDef_HTML_ID.m in Sources */ = {isa = PBXBuildFile; fileRef = 803FD45A1881621F0010D799 /* HTMLPurifier_AttrDef_HTML_ID.m */; };
		803FD45F188191C80010D799 /* HTMLPurifier_AttrDef_HTML_Pixels.h in Headers */ = {isa = PBXBuildFile; fileRef = 803FD45D188191C80010D799 /* HTMLPurifier_AttrDef_HTML_Pixels.h */; };
		803FD460188191C80010D799 /* HTMLPurifier_AttrDef_HTML_Pixels.m in Sources */ = {isa = PBXBuildFile; fileRef = 803FD45E188191C80010D799 /* HTMLPurifier_AttrDef_HTML_Pixels.m */; };
		803FD4631882B18D0010D799 /* HTMLPurifier_AttrDef_HTML_Length.h in Headers */ = {isa = PBXBuildFile; fileRef = 803FD4611882B18D0010D799 /* HTMLPurifier_AttrDef_HTML_Length.h */; };
		803FD4641882B18D0010D799 /* HTMLPurifier_AttrDef_HTML_Length.m in Sources */ = {isa = PBXBuildFile; fileRef = 803FD4621882B18D0010D799 /* HTMLPurifier_AttrDef_HTML_Length.m */; };
		803FD4671882D0160010D799 /* HTMLPurifier_AttrDef_HTML_LinkTypes.h in Headers */ = {isa = PBXBuildFile; fileRef = 803FD4651882D0160010D799 /* HTMLPurifier_AttrDef_HTML_LinkTypes.h */; };
		803FD4681882D0160010D799 /* HTMLPurifier_AttrDef_HTML_LinkTypes.m in Sources */ = {isa = PBXBuildFile; fileRef = 803FD4661882D0160010D799 /* HTMLPurifier_AttrDef_HTML_LinkTypes.m */; };
		803FD46B1882EB180010D799 /* HTMLPurifier_AttrDef_HTML_MultiLength.h in Headers */ = {isa = PBXBuildFile; fileRef = 803FD4691882EB180010D799 /* HTMLPurifier_AttrDef_HTML_MultiLength.h */; };
		803FD46C1882EB180010D799 /* HTMLPurifier_AttrDef_HTML_MultiLength.m in Sources */ = {isa = PBXBuildFile; fileRef = 803FD46A1882EB180010D799 /* HTMLPurifier_AttrDef_HTML_MultiLength.m */; };
		80EDF9BF18803B3200EB1E89 /* Cocoa.framework in Frameworks */ = {isa = PBXBuildFile; fileRef = 80EDF9BE18803B3200EB1E89 /* Cocoa.framework */; };
		80EDF9C918803B3200EB1E89 /* InfoPlist.strings in Resources */ = {isa = PBXBuildFile; fileRef = 80EDF9C718803B3200EB1E89 /* InfoPlist.strings */; };
		80EDF9CD18803B3200EB1E89 /* HTMLPurifier.m in Sources */ = {isa = PBXBuildFile; fileRef = 80EDF9CC18803B3200EB1E89 /* HTMLPurifier.m */; };
		80EDF9D418803B3200EB1E89 /* XCTest.framework in Frameworks */ = {isa = PBXBuildFile; fileRef = 80EDF9D318803B3200EB1E89 /* XCTest.framework */; };
		80EDF9D518803B3200EB1E89 /* Cocoa.framework in Frameworks */ = {isa = PBXBuildFile; fileRef = 80EDF9BE18803B3200EB1E89 /* Cocoa.framework */; };
		80EDF9D818803B3200EB1E89 /* HTMLPurifier.framework in Frameworks */ = {isa = PBXBuildFile; fileRef = 80EDF9BB18803B3200EB1E89 /* HTMLPurifier.framework */; };
		80EDF9DE18803B3200EB1E89 /* InfoPlist.strings in Resources */ = {isa = PBXBuildFile; fileRef = 80EDF9DC18803B3200EB1E89 /* InfoPlist.strings */; };
		80EDF9E018803B3200EB1E89 /* HTMLPurifierTests.m in Sources */ = {isa = PBXBuildFile; fileRef = 80EDF9DF18803B3200EB1E89 /* HTMLPurifierTests.m */; };
/* End PBXBuildFile section */

/* Begin PBXContainerItemProxy section */
		80EDF9D618803B3200EB1E89 /* PBXContainerItemProxy */ = {
			isa = PBXContainerItemProxy;
			containerPortal = 80EDF9B218803B3200EB1E89 /* Project object */;
			proxyType = 1;
			remoteGlobalIDString = 80EDF9BA18803B3200EB1E89;
			remoteInfo = HTMLPurifier;
		};
/* End PBXContainerItemProxy section */

/* Begin PBXFileReference section */
		1EBB81D51882B3C1008B7FA4 /* HTMLPurifier_Lexer_libxmlLex.h */ = {isa = PBXFileReference; fileEncoding = 4; lastKnownFileType = sourcecode.c.h; path = HTMLPurifier_Lexer_libxmlLex.h; sourceTree = "<group>"; };
		1EBB81D61882B3C1008B7FA4 /* HTMLPurifier_Lexer_libxmlLex.m */ = {isa = PBXFileReference; fileEncoding = 4; lastKnownFileType = sourcecode.c.objc; path = HTMLPurifier_Lexer_libxmlLex.m; sourceTree = "<group>"; };
		1EBB81D91882C94D008B7FA4 /* libxml2.dylib */ = {isa = PBXFileReference; lastKnownFileType = "compiled.mach-o.dylib"; name = libxml2.dylib; path = usr/lib/libxml2.dylib; sourceTree = SDKROOT; };
		1ED0392A1880530A0075F6A4 /* HTMLPurifier_CSSDefinition.h */ = {isa = PBXFileReference; fileEncoding = 4; lastKnownFileType = sourcecode.c.h; path = HTMLPurifier_CSSDefinition.h; sourceTree = "<group>"; };
		1ED0392B1880530A0075F6A4 /* HTMLPurifier_CSSDefinition.m */ = {isa = PBXFileReference; fileEncoding = 4; lastKnownFileType = sourcecode.c.objc; path = HTMLPurifier_CSSDefinition.m; sourceTree = "<group>"; };
		1ED0392E188057C60075F6A4 /* HTMLPurifier_AttrDef.h */ = {isa = PBXFileReference; fileEncoding = 4; lastKnownFileType = sourcecode.c.h; path = HTMLPurifier_AttrDef.h; sourceTree = SOURCE_ROOT; };
		1ED0392F188057C60075F6A4 /* HTMLPurifier_AttrDef.m */ = {isa = PBXFileReference; fileEncoding = 4; lastKnownFileType = sourcecode.c.objc; path = HTMLPurifier_AttrDef.m; sourceTree = SOURCE_ROOT; };
		1ED0393218805A150075F6A4 /* BasicPHP.h */ = {isa = PBXFileReference; fileEncoding = 4; lastKnownFileType = sourcecode.c.h; path = BasicPHP.h; sourceTree = "<group>"; };
		1ED0393318805A150075F6A4 /* BasicPHP.m */ = {isa = PBXFileReference; fileEncoding = 4; lastKnownFileType = sourcecode.c.objc; path = BasicPHP.m; sourceTree = "<group>"; };
		1ED03936188068570075F6A4 /* HTMLPurifier_AttrDef_Enum.h */ = {isa = PBXFileReference; fileEncoding = 4; lastKnownFileType = sourcecode.c.h; path = HTMLPurifier_AttrDef_Enum.h; sourceTree = "<group>"; };
		1ED03937188068570075F6A4 /* HTMLPurifier_AttrDef_Enum.m */ = {isa = PBXFileReference; fileEncoding = 4; lastKnownFileType = sourcecode.c.objc; path = HTMLPurifier_AttrDef_Enum.m; sourceTree = "<group>"; };
		1ED0393A18806E590075F6A4 /* HTMLPurifier_AttrDef_CSS_Multiple.h */ = {isa = PBXFileReference; fileEncoding = 4; lastKnownFileType = sourcecode.c.h; path = HTMLPurifier_AttrDef_CSS_Multiple.h; sourceTree = "<group>"; };
		1ED0393B18806E590075F6A4 /* HTMLPurifier_AttrDef_CSS_Multiple.m */ = {isa = PBXFileReference; fileEncoding = 4; lastKnownFileType = sourcecode.c.objc; path = HTMLPurifier_AttrDef_CSS_Multiple.m; sourceTree = "<group>"; };
		1ED0393E1880758F0075F6A4 /* HTMLPurifier_AttrDef_CSS_Composite.h */ = {isa = PBXFileReference; fileEncoding = 4; lastKnownFileType = sourcecode.c.h; path = HTMLPurifier_AttrDef_CSS_Composite.h; sourceTree = "<group>"; };
		1ED0393F1880758F0075F6A4 /* HTMLPurifier_AttrDef_CSS_Composite.m */ = {isa = PBXFileReference; fileEncoding = 4; lastKnownFileType = sourcecode.c.objc; path = HTMLPurifier_AttrDef_CSS_Composite.m; sourceTree = "<group>"; };
		1ED03942188089B90075F6A4 /* HTMLPurifier_AttrDef_CSS_BackgroundPosition.h */ = {isa = PBXFileReference; fileEncoding = 4; lastKnownFileType = sourcecode.c.h; path = HTMLPurifier_AttrDef_CSS_BackgroundPosition.h; sourceTree = "<group>"; };
		1ED03943188089B90075F6A4 /* HTMLPurifier_AttrDef_CSS_BackgroundPosition.m */ = {isa = PBXFileReference; fileEncoding = 4; lastKnownFileType = sourcecode.c.objc; path = HTMLPurifier_AttrDef_CSS_BackgroundPosition.m; sourceTree = "<group>"; };
		1ED0394A18808EC90075F6A4 /* HTMLPurifier_Length.h */ = {isa = PBXFileReference; fileEncoding = 4; lastKnownFileType = sourcecode.c.h; path = HTMLPurifier_Length.h; sourceTree = "<group>"; };
		1ED0394B18808EC90075F6A4 /* HTMLPurifier_Length.m */ = {isa = PBXFileReference; fileEncoding = 4; lastKnownFileType = sourcecode.c.objc; path = HTMLPurifier_Length.m; sourceTree = "<group>"; };
		1ED0394E1880C8510075F6A4 /* HTMLPurifier_AttrDef_CSS_Percentage.h */ = {isa = PBXFileReference; fileEncoding = 4; lastKnownFileType = sourcecode.c.h; path = HTMLPurifier_AttrDef_CSS_Percentage.h; sourceTree = "<group>"; };
		1ED0394F1880C8510075F6A4 /* HTMLPurifier_AttrDef_CSS_Percentage.m */ = {isa = PBXFileReference; fileEncoding = 4; lastKnownFileType = sourcecode.c.objc; path = HTMLPurifier_AttrDef_CSS_Percentage.m; sourceTree = "<group>"; };
		1ED039521880CB150075F6A4 /* HTMLPurifier_AttrDef_Switch.h */ = {isa = PBXFileReference; fileEncoding = 4; lastKnownFileType = sourcecode.c.h; path = HTMLPurifier_AttrDef_Switch.h; sourceTree = "<group>"; };
		1ED039531880CB150075F6A4 /* HTMLPurifier_AttrDef_Switch.m */ = {isa = PBXFileReference; fileEncoding = 4; lastKnownFileType = sourcecode.c.objc; path = HTMLPurifier_AttrDef_Switch.m; sourceTree = "<group>"; };
		1ED039561880CE810075F6A4 /* HTMLPurifier_AttrDef_CSS_URI.h */ = {isa = PBXFileReference; fileEncoding = 4; lastKnownFileType = sourcecode.c.h; path = HTMLPurifier_AttrDef_CSS_URI.h; sourceTree = "<group>"; };
		1ED039571880CE810075F6A4 /* HTMLPurifier_AttrDef_CSS_URI.m */ = {isa = PBXFileReference; fileEncoding = 4; lastKnownFileType = sourcecode.c.objc; path = HTMLPurifier_AttrDef_CSS_URI.m; sourceTree = "<group>"; };
		1ED0395A1880D46B0075F6A4 /* HTMLPurifier_AttrDef_CSS_TextDecoration.h */ = {isa = PBXFileReference; fileEncoding = 4; lastKnownFileType = sourcecode.c.h; path = HTMLPurifier_AttrDef_CSS_TextDecoration.h; sourceTree = "<group>"; };
		1ED0395B1880D46B0075F6A4 /* HTMLPurifier_AttrDef_CSS_TextDecoration.m */ = {isa = PBXFileReference; fileEncoding = 4; lastKnownFileType = sourcecode.c.objc; path = HTMLPurifier_AttrDef_CSS_TextDecoration.m; sourceTree = "<group>"; };
		1ED0395F1880D7BE0075F6A4 /* HTMLPurifier_Encoder.h */ = {isa = PBXFileReference; fileEncoding = 4; lastKnownFileType = sourcecode.c.h; path = HTMLPurifier_Encoder.h; sourceTree = "<group>"; };
		1ED039601880D7BE0075F6A4 /* HTMLPurifier_Encoder.m */ = {isa = PBXFileReference; fileEncoding = 4; lastKnownFileType = sourcecode.c.objc; path = HTMLPurifier_Encoder.m; sourceTree = "<group>"; };
		1ED039631880DCE30075F6A4 /* HTMLPurifier_AttrDef_CSS_Border.h */ = {isa = PBXFileReference; fileEncoding = 4; lastKnownFileType = sourcecode.c.h; path = HTMLPurifier_AttrDef_CSS_Border.h; sourceTree = "<group>"; };
		1ED039641880DCE30075F6A4 /* HTMLPurifier_AttrDef_CSS_Border.m */ = {isa = PBXFileReference; fileEncoding = 4; lastKnownFileType = sourcecode.c.objc; path = HTMLPurifier_AttrDef_CSS_Border.m; sourceTree = "<group>"; };
		1ED039671880E2290075F6A4 /* HTMLPurifier_AttrDef_CSS_Length.h */ = {isa = PBXFileReference; fileEncoding = 4; lastKnownFileType = sourcecode.c.h; path = HTMLPurifier_AttrDef_CSS_Length.h; sourceTree = "<group>"; };
		1ED039681880E2290075F6A4 /* HTMLPurifier_AttrDef_CSS_Length.m */ = {isa = PBXFileReference; fileEncoding = 4; lastKnownFileType = sourcecode.c.objc; path = HTMLPurifier_AttrDef_CSS_Length.m; sourceTree = "<group>"; };
		1ED0396B1880E58C0075F6A4 /* HTMLPurifier_AttrDef_CSS_Number.h */ = {isa = PBXFileReference; fileEncoding = 4; lastKnownFileType = sourcecode.c.h; path = HTMLPurifier_AttrDef_CSS_Number.h; sourceTree = "<group>"; };
		1ED0396C1880E58C0075F6A4 /* HTMLPurifier_AttrDef_CSS_Number.m */ = {isa = PBXFileReference; fileEncoding = 4; lastKnownFileType = sourcecode.c.objc; path = HTMLPurifier_AttrDef_CSS_Number.m; sourceTree = "<group>"; };
		1ED03970188145230075F6A4 /* HTMLPurifier_AttrDef_CSS_AlphaValue.h */ = {isa = PBXFileReference; fileEncoding = 4; lastKnownFileType = sourcecode.c.h; path = HTMLPurifier_AttrDef_CSS_AlphaValue.h; sourceTree = "<group>"; };
		1ED03971188145230075F6A4 /* HTMLPurifier_AttrDef_CSS_AlphaValue.m */ = {isa = PBXFileReference; fileEncoding = 4; lastKnownFileType = sourcecode.c.objc; path = HTMLPurifier_AttrDef_CSS_AlphaValue.m; sourceTree = "<group>"; };
		1ED0397418814A850075F6A4 /* HTMLPurifier_AttrDef_CSS_ListStyle.h */ = {isa = PBXFileReference; fileEncoding = 4; lastKnownFileType = sourcecode.c.h; path = HTMLPurifier_AttrDef_CSS_ListStyle.h; sourceTree = "<group>"; };
		1ED0397518814A850075F6A4 /* HTMLPurifier_AttrDef_CSS_ListStyle.m */ = {isa = PBXFileReference; fileEncoding = 4; lastKnownFileType = sourcecode.c.objc; path = HTMLPurifier_AttrDef_CSS_ListStyle.m; sourceTree = "<group>"; };
		1ED03978188150EC0075F6A4 /* HTMLPurifier_AttrDef_CSS_Color.h */ = {isa = PBXFileReference; fileEncoding = 4; lastKnownFileType = sourcecode.c.h; path = HTMLPurifier_AttrDef_CSS_Color.h; sourceTree = "<group>"; };
		1ED03979188150EC0075F6A4 /* HTMLPurifier_AttrDef_CSS_Color.m */ = {isa = PBXFileReference; fileEncoding = 4; lastKnownFileType = sourcecode.c.objc; path = HTMLPurifier_AttrDef_CSS_Color.m; sourceTree = "<group>"; };
		1ED0397C1881563F0075F6A4 /* HTMLPurifier_AttrDef_CSS_Background.h */ = {isa = PBXFileReference; fileEncoding = 4; lastKnownFileType = sourcecode.c.h; path = HTMLPurifier_AttrDef_CSS_Background.h; sourceTree = "<group>"; };
		1ED0397D1881563F0075F6A4 /* HTMLPurifier_AttrDef_CSS_Background.m */ = {isa = PBXFileReference; fileEncoding = 4; lastKnownFileType = sourcecode.c.objc; path = HTMLPurifier_AttrDef_CSS_Background.m; sourceTree = "<group>"; };
		803FD417188042260010D799 /* HTMLPurifier_Config.h */ = {isa = PBXFileReference; fileEncoding = 4; lastKnownFileType = sourcecode.c.h; path = HTMLPurifier_Config.h; sourceTree = "<group>"; };
		803FD418188042260010D799 /* HTMLPurifier_Config.m */ = {isa = PBXFileReference; fileEncoding = 4; lastKnownFileType = sourcecode.c.objc; path = HTMLPurifier_Config.m; sourceTree = "<group>"; };
		803FD41B188048780010D799 /* HTMLPurifier_Strategy_Core.h */ = {isa = PBXFileReference; fileEncoding = 4; lastKnownFileType = sourcecode.c.h; path = HTMLPurifier_Strategy_Core.h; sourceTree = "<group>"; };
		803FD41C188048780010D799 /* HTMLPurifier_Strategy_Core.m */ = {isa = PBXFileReference; fileEncoding = 4; lastKnownFileType = sourcecode.c.objc; path = HTMLPurifier_Strategy_Core.m; sourceTree = "<group>"; };
		803FD41F188048E30010D799 /* HTMLPurifier_Generator.h */ = {isa = PBXFileReference; fileEncoding = 4; lastKnownFileType = sourcecode.c.h; path = HTMLPurifier_Generator.h; sourceTree = "<group>"; };
		803FD420188048E30010D799 /* HTMLPurifier_Generator.m */ = {isa = PBXFileReference; fileEncoding = 4; lastKnownFileType = sourcecode.c.objc; path = HTMLPurifier_Generator.m; sourceTree = "<group>"; };
		803FD4231880497E0010D799 /* HTMLPurifier_Context.h */ = {isa = PBXFileReference; fileEncoding = 4; lastKnownFileType = sourcecode.c.h; path = HTMLPurifier_Context.h; sourceTree = "<group>"; };
		803FD4241880497E0010D799 /* HTMLPurifier_Context.m */ = {isa = PBXFileReference; fileEncoding = 4; lastKnownFileType = sourcecode.c.objc; path = HTMLPurifier_Context.m; sourceTree = "<group>"; };
		803FD42718804E270010D799 /* HTMLPurifier_Filter.h */ = {isa = PBXFileReference; fileEncoding = 4; lastKnownFileType = sourcecode.c.h; path = HTMLPurifier_Filter.h; sourceTree = "<group>"; };
		803FD42818804E270010D799 /* HTMLPurifier_Filter.m */ = {isa = PBXFileReference; fileEncoding = 4; lastKnownFileType = sourcecode.c.objc; path = HTMLPurifier_Filter.m; sourceTree = "<group>"; };
		803FD42B188055D60010D799 /* HTMLPurifier_Lexer.h */ = {isa = PBXFileReference; fileEncoding = 4; lastKnownFileType = sourcecode.c.h; path = HTMLPurifier_Lexer.h; sourceTree = "<group>"; };
		803FD42C188055D60010D799 /* HTMLPurifier_Lexer.m */ = {isa = PBXFileReference; fileEncoding = 4; lastKnownFileType = sourcecode.c.objc; path = HTMLPurifier_Lexer.m; sourceTree = "<group>"; };
		803FD42F18805B760010D799 /* HTMLPurifier_LanguageFactory.h */ = {isa = PBXFileReference; fileEncoding = 4; lastKnownFileType = sourcecode.c.h; path = HTMLPurifier_LanguageFactory.h; sourceTree = "<group>"; };
		803FD43018805B760010D799 /* HTMLPurifier_LanguageFactory.m */ = {isa = PBXFileReference; fileEncoding = 4; lastKnownFileType = sourcecode.c.objc; path = HTMLPurifier_LanguageFactory.m; sourceTree = "<group>"; };
		803FD43318805D190010D799 /* HTMLPurifier_Language.h */ = {isa = PBXFileReference; fileEncoding = 4; lastKnownFileType = sourcecode.c.h; path = HTMLPurifier_Language.h; sourceTree = "<group>"; };
		803FD43418805D190010D799 /* HTMLPurifier_Language.m */ = {isa = PBXFileReference; fileEncoding = 4; lastKnownFileType = sourcecode.c.objc; path = HTMLPurifier_Language.m; sourceTree = "<group>"; };
		803FD43718805DF70010D799 /* HTMLPurifier_ErrorCollector.h */ = {isa = PBXFileReference; fileEncoding = 4; lastKnownFileType = sourcecode.c.h; path = HTMLPurifier_ErrorCollector.h; sourceTree = "<group>"; };
		803FD43818805DF70010D799 /* HTMLPurifier_ErrorCollector.m */ = {isa = PBXFileReference; fileEncoding = 4; lastKnownFileType = sourcecode.c.objc; path = HTMLPurifier_ErrorCollector.m; sourceTree = "<group>"; };
		803FD43B18805F030010D799 /* HTMLPurifier_IDAccumulator.h */ = {isa = PBXFileReference; fileEncoding = 4; lastKnownFileType = sourcecode.c.h; path = HTMLPurifier_IDAccumulator.h; sourceTree = "<group>"; };
		803FD43C18805F030010D799 /* HTMLPurifier_IDAccumulator.m */ = {isa = PBXFileReference; fileEncoding = 4; lastKnownFileType = sourcecode.c.objc; path = HTMLPurifier_IDAccumulator.m; sourceTree = "<group>"; };
		803FD44318809A0E0010D799 /* HTMLPurifier_AttrDef_HTML_Bool.h */ = {isa = PBXFileReference; fileEncoding = 4; lastKnownFileType = sourcecode.c.h; path = HTMLPurifier_AttrDef_HTML_Bool.h; sourceTree = "<group>"; };
		803FD44418809A0E0010D799 /* HTMLPurifier_AttrDef_HTML_Bool.m */ = {isa = PBXFileReference; fileEncoding = 4; lastKnownFileType = sourcecode.c.objc; path = HTMLPurifier_AttrDef_HTML_Bool.m; sourceTree = "<group>"; };
		803FD4491880A73A0010D799 /* HTMLPurifier_AttrDef_HTML_Nmtokens.h */ = {isa = PBXFileReference; fileEncoding = 4; lastKnownFileType = sourcecode.c.h; path = HTMLPurifier_AttrDef_HTML_Nmtokens.h; sourceTree = "<group>"; };
		803FD44A1880A73A0010D799 /* HTMLPurifier_AttrDef_HTML_Nmtokens.m */ = {isa = PBXFileReference; fileEncoding = 4; lastKnownFileType = sourcecode.c.objc; path = HTMLPurifier_AttrDef_HTML_Nmtokens.m; sourceTree = "<group>"; };
		803FD44D1880B0220010D799 /* HTMLPurifier_AttrDef_HTML_Class.h */ = {isa = PBXFileReference; fileEncoding = 4; lastKnownFileType = sourcecode.c.h; path = HTMLPurifier_AttrDef_HTML_Class.h; sourceTree = "<group>"; };
		803FD44E1880B0220010D799 /* HTMLPurifier_AttrDef_HTML_Class.m */ = {isa = PBXFileReference; fileEncoding = 4; lastKnownFileType = sourcecode.c.objc; path = HTMLPurifier_AttrDef_HTML_Class.m; sourceTree = "<group>"; };
		803FD451188153EE0010D799 /* HTMLPurifier_AttrDef_HTML_Color.h */ = {isa = PBXFileReference; fileEncoding = 4; lastKnownFileType = sourcecode.c.h; path = HTMLPurifier_AttrDef_HTML_Color.h; sourceTree = "<group>"; };
		803FD452188153EE0010D799 /* HTMLPurifier_AttrDef_HTML_Color.m */ = {isa = PBXFileReference; fileEncoding = 4; lastKnownFileType = sourcecode.c.objc; path = HTMLPurifier_AttrDef_HTML_Color.m; sourceTree = "<group>"; };
		803FD45518815BF50010D799 /* HTMLPurifier_AttrDef_HTML_FrameTarget.h */ = {isa = PBXFileReference; fileEncoding = 4; lastKnownFileType = sourcecode.c.h; path = HTMLPurifier_AttrDef_HTML_FrameTarget.h; sourceTree = "<group>"; };
		803FD45618815BF50010D799 /* HTMLPurifier_AttrDef_HTML_FrameTarget.m */ = {isa = PBXFileReference; fileEncoding = 4; lastKnownFileType = sourcecode.c.objc; path = HTMLPurifier_AttrDef_HTML_FrameTarget.m; sourceTree = "<group>"; };
		803FD4591881621F0010D799 /* HTMLPurifier_AttrDef_HTML_ID.h */ = {isa = PBXFileReference; fileEncoding = 4; lastKnownFileType = sourcecode.c.h; path = HTMLPurifier_AttrDef_HTML_ID.h; sourceTree = "<group>"; };
		803FD45A1881621F0010D799 /* HTMLPurifier_AttrDef_HTML_ID.m */ = {isa = PBXFileReference; fileEncoding = 4; lastKnownFileType = sourcecode.c.objc; path = HTMLPurifier_AttrDef_HTML_ID.m; sourceTree = "<group>"; };
		803FD45D188191C80010D799 /* HTMLPurifier_AttrDef_HTML_Pixels.h */ = {isa = PBXFileReference; fileEncoding = 4; lastKnownFileType = sourcecode.c.h; path = HTMLPurifier_AttrDef_HTML_Pixels.h; sourceTree = "<group>"; };
		803FD45E188191C80010D799 /* HTMLPurifier_AttrDef_HTML_Pixels.m */ = {isa = PBXFileReference; fileEncoding = 4; lastKnownFileType = sourcecode.c.objc; path = HTMLPurifier_AttrDef_HTML_Pixels.m; sourceTree = "<group>"; };
		803FD4611882B18D0010D799 /* HTMLPurifier_AttrDef_HTML_Length.h */ = {isa = PBXFileReference; fileEncoding = 4; lastKnownFileType = sourcecode.c.h; path = HTMLPurifier_AttrDef_HTML_Length.h; sourceTree = "<group>"; };
		803FD4621882B18D0010D799 /* HTMLPurifier_AttrDef_HTML_Length.m */ = {isa = PBXFileReference; fileEncoding = 4; lastKnownFileType = sourcecode.c.objc; path = HTMLPurifier_AttrDef_HTML_Length.m; sourceTree = "<group>"; };
		803FD4651882D0160010D799 /* HTMLPurifier_AttrDef_HTML_LinkTypes.h */ = {isa = PBXFileReference; fileEncoding = 4; lastKnownFileType = sourcecode.c.h; path = HTMLPurifier_AttrDef_HTML_LinkTypes.h; sourceTree = "<group>"; };
		803FD4661882D0160010D799 /* HTMLPurifier_AttrDef_HTML_LinkTypes.m */ = {isa = PBXFileReference; fileEncoding = 4; lastKnownFileType = sourcecode.c.objc; path = HTMLPurifier_AttrDef_HTML_LinkTypes.m; sourceTree = "<group>"; };
		803FD4691882EB180010D799 /* HTMLPurifier_AttrDef_HTML_MultiLength.h */ = {isa = PBXFileReference; fileEncoding = 4; lastKnownFileType = sourcecode.c.h; path = HTMLPurifier_AttrDef_HTML_MultiLength.h; sourceTree = "<group>"; };
		803FD46A1882EB180010D799 /* HTMLPurifier_AttrDef_HTML_MultiLength.m */ = {isa = PBXFileReference; fileEncoding = 4; lastKnownFileType = sourcecode.c.objc; path = HTMLPurifier_AttrDef_HTML_MultiLength.m; sourceTree = "<group>"; };
		80EDF9BB18803B3200EB1E89 /* HTMLPurifier.framework */ = {isa = PBXFileReference; explicitFileType = wrapper.framework; includeInIndex = 0; path = HTMLPurifier.framework; sourceTree = BUILT_PRODUCTS_DIR; };
		80EDF9BE18803B3200EB1E89 /* Cocoa.framework */ = {isa = PBXFileReference; lastKnownFileType = wrapper.framework; name = Cocoa.framework; path = System/Library/Frameworks/Cocoa.framework; sourceTree = SDKROOT; };
		80EDF9C118803B3200EB1E89 /* Foundation.framework */ = {isa = PBXFileReference; lastKnownFileType = wrapper.framework; name = Foundation.framework; path = System/Library/Frameworks/Foundation.framework; sourceTree = SDKROOT; };
		80EDF9C218803B3200EB1E89 /* CoreData.framework */ = {isa = PBXFileReference; lastKnownFileType = wrapper.framework; name = CoreData.framework; path = System/Library/Frameworks/CoreData.framework; sourceTree = SDKROOT; };
		80EDF9C318803B3200EB1E89 /* AppKit.framework */ = {isa = PBXFileReference; lastKnownFileType = wrapper.framework; name = AppKit.framework; path = System/Library/Frameworks/AppKit.framework; sourceTree = SDKROOT; };
		80EDF9C618803B3200EB1E89 /* HTMLPurifier-Info.plist */ = {isa = PBXFileReference; lastKnownFileType = text.plist.xml; path = "HTMLPurifier-Info.plist"; sourceTree = "<group>"; };
		80EDF9C818803B3200EB1E89 /* en */ = {isa = PBXFileReference; lastKnownFileType = text.plist.strings; name = en; path = en.lproj/InfoPlist.strings; sourceTree = "<group>"; };
		80EDF9CA18803B3200EB1E89 /* HTMLPurifier-Prefix.pch */ = {isa = PBXFileReference; lastKnownFileType = sourcecode.c.h; path = "HTMLPurifier-Prefix.pch"; sourceTree = "<group>"; };
		80EDF9CB18803B3200EB1E89 /* HTMLPurifier.h */ = {isa = PBXFileReference; lastKnownFileType = sourcecode.c.h; path = HTMLPurifier.h; sourceTree = "<group>"; };
		80EDF9CC18803B3200EB1E89 /* HTMLPurifier.m */ = {isa = PBXFileReference; lastKnownFileType = sourcecode.c.objc; path = HTMLPurifier.m; sourceTree = "<group>"; };
		80EDF9D218803B3200EB1E89 /* HTMLPurifierTests.xctest */ = {isa = PBXFileReference; explicitFileType = wrapper.cfbundle; includeInIndex = 0; path = HTMLPurifierTests.xctest; sourceTree = BUILT_PRODUCTS_DIR; };
		80EDF9D318803B3200EB1E89 /* XCTest.framework */ = {isa = PBXFileReference; lastKnownFileType = wrapper.framework; name = XCTest.framework; path = Library/Frameworks/XCTest.framework; sourceTree = DEVELOPER_DIR; };
		80EDF9DB18803B3200EB1E89 /* HTMLPurifierTests-Info.plist */ = {isa = PBXFileReference; lastKnownFileType = text.plist.xml; path = "HTMLPurifierTests-Info.plist"; sourceTree = "<group>"; };
		80EDF9DD18803B3200EB1E89 /* en */ = {isa = PBXFileReference; lastKnownFileType = text.plist.strings; name = en; path = en.lproj/InfoPlist.strings; sourceTree = "<group>"; };
		80EDF9DF18803B3200EB1E89 /* HTMLPurifierTests.m */ = {isa = PBXFileReference; lastKnownFileType = sourcecode.c.objc; path = HTMLPurifierTests.m; sourceTree = "<group>"; };
/* End PBXFileReference section */

/* Begin PBXFrameworksBuildPhase section */
		80EDF9B718803B3200EB1E89 /* Frameworks */ = {
			isa = PBXFrameworksBuildPhase;
			buildActionMask = 2147483647;
			files = (
				1EBB81DA1882C94D008B7FA4 /* libxml2.dylib in Frameworks */,
				80EDF9BF18803B3200EB1E89 /* Cocoa.framework in Frameworks */,
			);
			runOnlyForDeploymentPostprocessing = 0;
		};
		80EDF9CF18803B3200EB1E89 /* Frameworks */ = {
			isa = PBXFrameworksBuildPhase;
			buildActionMask = 2147483647;
			files = (
				80EDF9D518803B3200EB1E89 /* Cocoa.framework in Frameworks */,
				80EDF9D818803B3200EB1E89 /* HTMLPurifier.framework in Frameworks */,
				80EDF9D418803B3200EB1E89 /* XCTest.framework in Frameworks */,
			);
			runOnlyForDeploymentPostprocessing = 0;
		};
/* End PBXFrameworksBuildPhase section */

/* Begin PBXGroup section */
		1ED0395E1880D5F80075F6A4 /* CSS */ = {
			isa = PBXGroup;
			children = (
				1ED0395A1880D46B0075F6A4 /* HTMLPurifier_AttrDef_CSS_TextDecoration.h */,
				1ED0395B1880D46B0075F6A4 /* HTMLPurifier_AttrDef_CSS_TextDecoration.m */,
				1ED03970188145230075F6A4 /* HTMLPurifier_AttrDef_CSS_AlphaValue.h */,
				1ED03971188145230075F6A4 /* HTMLPurifier_AttrDef_CSS_AlphaValue.m */,
				1ED0397C1881563F0075F6A4 /* HTMLPurifier_AttrDef_CSS_Background.h */,
				1ED0397D1881563F0075F6A4 /* HTMLPurifier_AttrDef_CSS_Background.m */,
				1ED03942188089B90075F6A4 /* HTMLPurifier_AttrDef_CSS_BackgroundPosition.h */,
				1ED03943188089B90075F6A4 /* HTMLPurifier_AttrDef_CSS_BackgroundPosition.m */,
				1ED039631880DCE30075F6A4 /* HTMLPurifier_AttrDef_CSS_Border.h */,
				1ED039641880DCE30075F6A4 /* HTMLPurifier_AttrDef_CSS_Border.m */,
				1ED03978188150EC0075F6A4 /* HTMLPurifier_AttrDef_CSS_Color.h */,
				1ED03979188150EC0075F6A4 /* HTMLPurifier_AttrDef_CSS_Color.m */,
				1ED0393E1880758F0075F6A4 /* HTMLPurifier_AttrDef_CSS_Composite.h */,
				1ED0393F1880758F0075F6A4 /* HTMLPurifier_AttrDef_CSS_Composite.m */,
				1ED039671880E2290075F6A4 /* HTMLPurifier_AttrDef_CSS_Length.h */,
				1ED039681880E2290075F6A4 /* HTMLPurifier_AttrDef_CSS_Length.m */,
				1ED0397418814A850075F6A4 /* HTMLPurifier_AttrDef_CSS_ListStyle.h */,
				1ED0397518814A850075F6A4 /* HTMLPurifier_AttrDef_CSS_ListStyle.m */,
				1ED0393A18806E590075F6A4 /* HTMLPurifier_AttrDef_CSS_Multiple.h */,
				1ED0393B18806E590075F6A4 /* HTMLPurifier_AttrDef_CSS_Multiple.m */,
				1ED0396B1880E58C0075F6A4 /* HTMLPurifier_AttrDef_CSS_Number.h */,
				1ED0396C1880E58C0075F6A4 /* HTMLPurifier_AttrDef_CSS_Number.m */,
				1ED0394E1880C8510075F6A4 /* HTMLPurifier_AttrDef_CSS_Percentage.h */,
				1ED0394F1880C8510075F6A4 /* HTMLPurifier_AttrDef_CSS_Percentage.m */,
				1ED039561880CE810075F6A4 /* HTMLPurifier_AttrDef_CSS_URI.h */,
				1ED039571880CE810075F6A4 /* HTMLPurifier_AttrDef_CSS_URI.m */,
			);
			name = CSS;
			sourceTree = "<group>";
		};
		803FD44718809A200010D799 /* HTML */ = {
			isa = PBXGroup;
			children = (
				803FD44318809A0E0010D799 /* HTMLPurifier_AttrDef_HTML_Bool.h */,
				803FD44418809A0E0010D799 /* HTMLPurifier_AttrDef_HTML_Bool.m */,
				803FD4491880A73A0010D799 /* HTMLPurifier_AttrDef_HTML_Nmtokens.h */,
				803FD44A1880A73A0010D799 /* HTMLPurifier_AttrDef_HTML_Nmtokens.m */,
				803FD44D1880B0220010D799 /* HTMLPurifier_AttrDef_HTML_Class.h */,
				803FD44E1880B0220010D799 /* HTMLPurifier_AttrDef_HTML_Class.m */,
				803FD451188153EE0010D799 /* HTMLPurifier_AttrDef_HTML_Color.h */,
				803FD452188153EE0010D799 /* HTMLPurifier_AttrDef_HTML_Color.m */,
				803FD45518815BF50010D799 /* HTMLPurifier_AttrDef_HTML_FrameTarget.h */,
				803FD45618815BF50010D799 /* HTMLPurifier_AttrDef_HTML_FrameTarget.m */,
				803FD4591881621F0010D799 /* HTMLPurifier_AttrDef_HTML_ID.h */,
				803FD45A1881621F0010D799 /* HTMLPurifier_AttrDef_HTML_ID.m */,
				803FD45D188191C80010D799 /* HTMLPurifier_AttrDef_HTML_Pixels.h */,
				803FD45E188191C80010D799 /* HTMLPurifier_AttrDef_HTML_Pixels.m */,
				803FD4611882B18D0010D799 /* HTMLPurifier_AttrDef_HTML_Length.h */,
				803FD4621882B18D0010D799 /* HTMLPurifier_AttrDef_HTML_Length.m */,
				803FD4651882D0160010D799 /* HTMLPurifier_AttrDef_HTML_LinkTypes.h */,
				803FD4661882D0160010D799 /* HTMLPurifier_AttrDef_HTML_LinkTypes.m */,
				803FD4691882EB180010D799 /* HTMLPurifier_AttrDef_HTML_MultiLength.h */,
				803FD46A1882EB180010D799 /* HTMLPurifier_AttrDef_HTML_MultiLength.m */,
			);
			name = HTML;
			sourceTree = "<group>";
		};
		803FD44818809A290010D799 /* AttrDef */ = {
			isa = PBXGroup;
			children = (
				1ED0392E188057C60075F6A4 /* HTMLPurifier_AttrDef.h */,
				1ED0392F188057C60075F6A4 /* HTMLPurifier_AttrDef.m */,
				1ED03936188068570075F6A4 /* HTMLPurifier_AttrDef_Enum.h */,
				1ED03937188068570075F6A4 /* HTMLPurifier_AttrDef_Enum.m */,
				1ED039521880CB150075F6A4 /* HTMLPurifier_AttrDef_Switch.h */,
				1ED039531880CB150075F6A4 /* HTMLPurifier_AttrDef_Switch.m */,
				1ED0395E1880D5F80075F6A4 /* CSS */,
				803FD44718809A200010D799 /* HTML */,
			);
			name = AttrDef;
			sourceTree = "<group>";
		};
		80EDF9B118803B3200EB1E89 = {
			isa = PBXGroup;
			children = (
				80EDF9C418803B3200EB1E89 /* HTMLPurifier */,
				80EDF9D918803B3200EB1E89 /* HTMLPurifierTests */,
				80EDF9BD18803B3200EB1E89 /* Frameworks */,
				80EDF9BC18803B3200EB1E89 /* Products */,
			);
			sourceTree = "<group>";
		};
		80EDF9BC18803B3200EB1E89 /* Products */ = {
			isa = PBXGroup;
			children = (
				80EDF9BB18803B3200EB1E89 /* HTMLPurifier.framework */,
				80EDF9D218803B3200EB1E89 /* HTMLPurifierTests.xctest */,
			);
			name = Products;
			sourceTree = "<group>";
		};
		80EDF9BD18803B3200EB1E89 /* Frameworks */ = {
			isa = PBXGroup;
			children = (
				1EBB81D91882C94D008B7FA4 /* libxml2.dylib */,
				80EDF9BE18803B3200EB1E89 /* Cocoa.framework */,
				80EDF9D318803B3200EB1E89 /* XCTest.framework */,
				80EDF9C018803B3200EB1E89 /* Other Frameworks */,
			);
			name = Frameworks;
			sourceTree = "<group>";
		};
		80EDF9C018803B3200EB1E89 /* Other Frameworks */ = {
			isa = PBXGroup;
			children = (
				80EDF9C118803B3200EB1E89 /* Foundation.framework */,
				80EDF9C218803B3200EB1E89 /* CoreData.framework */,
				80EDF9C318803B3200EB1E89 /* AppKit.framework */,
			);
			name = "Other Frameworks";
			sourceTree = "<group>";
		};
		80EDF9C418803B3200EB1E89 /* HTMLPurifier */ = {
			isa = PBXGroup;
			children = (
				80EDF9CB18803B3200EB1E89 /* HTMLPurifier.h */,
				80EDF9CC18803B3200EB1E89 /* HTMLPurifier.m */,
				803FD417188042260010D799 /* HTMLPurifier_Config.h */,
				803FD418188042260010D799 /* HTMLPurifier_Config.m */,
				803FD41B188048780010D799 /* HTMLPurifier_Strategy_Core.h */,
				803FD41C188048780010D799 /* HTMLPurifier_Strategy_Core.m */,
				803FD41F188048E30010D799 /* HTMLPurifier_Generator.h */,
				803FD420188048E30010D799 /* HTMLPurifier_Generator.m */,
				803FD4231880497E0010D799 /* HTMLPurifier_Context.h */,
				803FD4241880497E0010D799 /* HTMLPurifier_Context.m */,
				803FD42718804E270010D799 /* HTMLPurifier_Filter.h */,
				803FD42818804E270010D799 /* HTMLPurifier_Filter.m */,
				1ED0392A1880530A0075F6A4 /* HTMLPurifier_CSSDefinition.h */,
				1ED0392B1880530A0075F6A4 /* HTMLPurifier_CSSDefinition.m */,
				803FD42B188055D60010D799 /* HTMLPurifier_Lexer.h */,
				803FD42C188055D60010D799 /* HTMLPurifier_Lexer.m */,
				803FD42F18805B760010D799 /* HTMLPurifier_LanguageFactory.h */,
				803FD43018805B760010D799 /* HTMLPurifier_LanguageFactory.m */,
				803FD43318805D190010D799 /* HTMLPurifier_Language.h */,
				803FD43418805D190010D799 /* HTMLPurifier_Language.m */,
				803FD43718805DF70010D799 /* HTMLPurifier_ErrorCollector.h */,
				803FD43818805DF70010D799 /* HTMLPurifier_ErrorCollector.m */,
				803FD43B18805F030010D799 /* HTMLPurifier_IDAccumulator.h */,
				803FD43C18805F030010D799 /* HTMLPurifier_IDAccumulator.m */,
				803FD44818809A290010D799 /* AttrDef */,
				80EDF9C518803B3200EB1E89 /* Supporting Files */,
				1ED0393218805A150075F6A4 /* BasicPHP.h */,
				1ED0393318805A150075F6A4 /* BasicPHP.m */,
				1ED0394A18808EC90075F6A4 /* HTMLPurifier_Length.h */,
				1ED0394B18808EC90075F6A4 /* HTMLPurifier_Length.m */,
				1ED0395F1880D7BE0075F6A4 /* HTMLPurifier_Encoder.h */,
				1ED039601880D7BE0075F6A4 /* HTMLPurifier_Encoder.m */,
				1EBB81D51882B3C1008B7FA4 /* HTMLPurifier_Lexer_libxmlLex.h */,
				1EBB81D61882B3C1008B7FA4 /* HTMLPurifier_Lexer_libxmlLex.m */,
			);
			path = HTMLPurifier;
			sourceTree = "<group>";
		};
		80EDF9C518803B3200EB1E89 /* Supporting Files */ = {
			isa = PBXGroup;
			children = (
				80EDF9C618803B3200EB1E89 /* HTMLPurifier-Info.plist */,
				80EDF9C718803B3200EB1E89 /* InfoPlist.strings */,
				80EDF9CA18803B3200EB1E89 /* HTMLPurifier-Prefix.pch */,
			);
			name = "Supporting Files";
			sourceTree = "<group>";
		};
		80EDF9D918803B3200EB1E89 /* HTMLPurifierTests */ = {
			isa = PBXGroup;
			children = (
				80EDF9DF18803B3200EB1E89 /* HTMLPurifierTests.m */,
				80EDF9DA18803B3200EB1E89 /* Supporting Files */,
			);
			path = HTMLPurifierTests;
			sourceTree = "<group>";
		};
		80EDF9DA18803B3200EB1E89 /* Supporting Files */ = {
			isa = PBXGroup;
			children = (
				80EDF9DB18803B3200EB1E89 /* HTMLPurifierTests-Info.plist */,
				80EDF9DC18803B3200EB1E89 /* InfoPlist.strings */,
			);
			name = "Supporting Files";
			sourceTree = "<group>";
		};
/* End PBXGroup section */

/* Begin PBXHeadersBuildPhase section */
		80EDF9B818803B3200EB1E89 /* Headers */ = {
			isa = PBXHeadersBuildPhase;
			buildActionMask = 2147483647;
			files = (
				803FD43918805DF70010D799 /* HTMLPurifier_ErrorCollector.h in Headers */,
				803FD42D188055D60010D799 /* HTMLPurifier_Lexer.h in Headers */,
				803FD44F1880B0220010D799 /* HTMLPurifier_AttrDef_HTML_Class.h in Headers */,
				1ED03972188145230075F6A4 /* HTMLPurifier_AttrDef_CSS_AlphaValue.h in Headers */,
				1ED039691880E2290075F6A4 /* HTMLPurifier_AttrDef_CSS_Length.h in Headers */,
				1ED0393418805A150075F6A4 /* BasicPHP.h in Headers */,
				1EBB81D71882B3C1008B7FA4 /* HTMLPurifier_Lexer_libxmlLex.h in Headers */,
				1ED039611880D7BE0075F6A4 /* HTMLPurifier_Encoder.h in Headers */,
				803FD453188153EE0010D799 /* HTMLPurifier_AttrDef_HTML_Color.h in Headers */,
				803FD45F188191C80010D799 /* HTMLPurifier_AttrDef_HTML_Pixels.h in Headers */,
				803FD42918804E270010D799 /* HTMLPurifier_Filter.h in Headers */,
				803FD43118805B760010D799 /* HTMLPurifier_LanguageFactory.h in Headers */,
				803FD44B1880A73A0010D799 /* HTMLPurifier_AttrDef_HTML_Nmtokens.h in Headers */,
				803FD4631882B18D0010D799 /* HTMLPurifier_AttrDef_HTML_Length.h in Headers */,
				803FD4671882D0160010D799 /* HTMLPurifier_AttrDef_HTML_LinkTypes.h in Headers */,
				803FD419188042260010D799 /* HTMLPurifier_Config.h in Headers */,
				1ED0397618814A850075F6A4 /* HTMLPurifier_AttrDef_CSS_ListStyle.h in Headers */,
				803FD43D18805F030010D799 /* HTMLPurifier_IDAccumulator.h in Headers */,
				1ED039501880C8510075F6A4 /* HTMLPurifier_AttrDef_CSS_Percentage.h in Headers */,
				1ED0396D1880E58C0075F6A4 /* HTMLPurifier_AttrDef_CSS_Number.h in Headers */,
				1ED0394C18808EC90075F6A4 /* HTMLPurifier_Length.h in Headers */,
				1ED0392C1880530A0075F6A4 /* HTMLPurifier_CSSDefinition.h in Headers */,
				1ED0397E1881563F0075F6A4 /* HTMLPurifier_AttrDef_CSS_Background.h in Headers */,
				1ED039401880758F0075F6A4 /* HTMLPurifier_AttrDef_CSS_Composite.h in Headers */,
				1ED03930188057C60075F6A4 /* HTMLPurifier_AttrDef.h in Headers */,
				1ED039541880CB150075F6A4 /* HTMLPurifier_AttrDef_Switch.h in Headers */,
				803FD45718815BF50010D799 /* HTMLPurifier_AttrDef_HTML_FrameTarget.h in Headers */,
				803FD41D188048780010D799 /* HTMLPurifier_Strategy_Core.h in Headers */,
				803FD43518805D190010D799 /* HTMLPurifier_Language.h in Headers */,
				803FD44518809A0E0010D799 /* HTMLPurifier_AttrDef_HTML_Bool.h in Headers */,
				803FD421188048E30010D799 /* HTMLPurifier_Generator.h in Headers */,
				803FD45B1881621F0010D799 /* HTMLPurifier_AttrDef_HTML_ID.h in Headers */,
				803FD46B1882EB180010D799 /* HTMLPurifier_AttrDef_HTML_MultiLength.h in Headers */,
				803FD4251880497E0010D799 /* HTMLPurifier_Context.h in Headers */,
				1ED0395C1880D46B0075F6A4 /* HTMLPurifier_AttrDef_CSS_TextDecoration.h in Headers */,
				1ED0393C18806E590075F6A4 /* HTMLPurifier_AttrDef_CSS_Multiple.h in Headers */,
				1ED039651880DCE30075F6A4 /* HTMLPurifier_AttrDef_CSS_Border.h in Headers */,
				1ED03944188089B90075F6A4 /* HTMLPurifier_AttrDef_CSS_BackgroundPosition.h in Headers */,
				1ED0397A188150EC0075F6A4 /* HTMLPurifier_AttrDef_CSS_Color.h in Headers */,
				1ED03938188068570075F6A4 /* HTMLPurifier_AttrDef_Enum.h in Headers */,
				1ED039581880CE810075F6A4 /* HTMLPurifier_AttrDef_CSS_URI.h in Headers */,
			);
			runOnlyForDeploymentPostprocessing = 0;
		};
/* End PBXHeadersBuildPhase section */

/* Begin PBXNativeTarget section */
		80EDF9BA18803B3200EB1E89 /* HTMLPurifier */ = {
			isa = PBXNativeTarget;
			buildConfigurationList = 80EDF9E318803B3200EB1E89 /* Build configuration list for PBXNativeTarget "HTMLPurifier" */;
			buildPhases = (
				80EDF9B618803B3200EB1E89 /* Sources */,
				80EDF9B718803B3200EB1E89 /* Frameworks */,
				80EDF9B818803B3200EB1E89 /* Headers */,
				80EDF9B918803B3200EB1E89 /* Resources */,
			);
			buildRules = (
			);
			dependencies = (
			);
			name = HTMLPurifier;
			productName = HTMLPurifier;
			productReference = 80EDF9BB18803B3200EB1E89 /* HTMLPurifier.framework */;
			productType = "com.apple.product-type.framework";
		};
		80EDF9D118803B3200EB1E89 /* HTMLPurifierTests */ = {
			isa = PBXNativeTarget;
			buildConfigurationList = 80EDF9E618803B3200EB1E89 /* Build configuration list for PBXNativeTarget "HTMLPurifierTests" */;
			buildPhases = (
				80EDF9CE18803B3200EB1E89 /* Sources */,
				80EDF9CF18803B3200EB1E89 /* Frameworks */,
				80EDF9D018803B3200EB1E89 /* Resources */,
			);
			buildRules = (
			);
			dependencies = (
				80EDF9D718803B3200EB1E89 /* PBXTargetDependency */,
			);
			name = HTMLPurifierTests;
			productName = HTMLPurifierTests;
			productReference = 80EDF9D218803B3200EB1E89 /* HTMLPurifierTests.xctest */;
			productType = "com.apple.product-type.bundle.unit-test";
		};
/* End PBXNativeTarget section */

/* Begin PBXProject section */
		80EDF9B218803B3200EB1E89 /* Project object */ = {
			isa = PBXProject;
			attributes = {
				LastUpgradeCheck = 0500;
				ORGANIZATIONNAME = Mynigma;
				TargetAttributes = {
					80EDF9D118803B3200EB1E89 = {
						TestTargetID = 80EDF9BA18803B3200EB1E89;
					};
				};
			};
			buildConfigurationList = 80EDF9B518803B3200EB1E89 /* Build configuration list for PBXProject "HTMLPurifier" */;
			compatibilityVersion = "Xcode 3.2";
			developmentRegion = English;
			hasScannedForEncodings = 0;
			knownRegions = (
				en,
			);
			mainGroup = 80EDF9B118803B3200EB1E89;
			productRefGroup = 80EDF9BC18803B3200EB1E89 /* Products */;
			projectDirPath = "";
			projectRoot = "";
			targets = (
				80EDF9BA18803B3200EB1E89 /* HTMLPurifier */,
				80EDF9D118803B3200EB1E89 /* HTMLPurifierTests */,
			);
		};
/* End PBXProject section */

/* Begin PBXResourcesBuildPhase section */
		80EDF9B918803B3200EB1E89 /* Resources */ = {
			isa = PBXResourcesBuildPhase;
			buildActionMask = 2147483647;
			files = (
				80EDF9C918803B3200EB1E89 /* InfoPlist.strings in Resources */,
			);
			runOnlyForDeploymentPostprocessing = 0;
		};
		80EDF9D018803B3200EB1E89 /* Resources */ = {
			isa = PBXResourcesBuildPhase;
			buildActionMask = 2147483647;
			files = (
				80EDF9DE18803B3200EB1E89 /* InfoPlist.strings in Resources */,
			);
			runOnlyForDeploymentPostprocessing = 0;
		};
/* End PBXResourcesBuildPhase section */

/* Begin PBXSourcesBuildPhase section */
		80EDF9B618803B3200EB1E89 /* Sources */ = {
			isa = PBXSourcesBuildPhase;
			buildActionMask = 2147483647;
			files = (
				803FD44618809A0E0010D799 /* HTMLPurifier_AttrDef_HTML_Bool.m in Sources */,
				803FD42E188055D60010D799 /* HTMLPurifier_Lexer.m in Sources */,
				1ED039551880CB150075F6A4 /* HTMLPurifier_AttrDef_Switch.m in Sources */,
				1ED039621880D7BE0075F6A4 /* HTMLPurifier_Encoder.m in Sources */,
				803FD460188191C80010D799 /* HTMLPurifier_AttrDef_HTML_Pixels.m in Sources */,
				1ED0397B188150EC0075F6A4 /* HTMLPurifier_AttrDef_CSS_Color.m in Sources */,
				1ED039661880DCE30075F6A4 /* HTMLPurifier_AttrDef_CSS_Border.m in Sources */,
				803FD42A18804E270010D799 /* HTMLPurifier_Filter.m in Sources */,
				803FD4501880B0220010D799 /* HTMLPurifier_AttrDef_HTML_Class.m in Sources */,
				803FD44C1880A73A0010D799 /* HTMLPurifier_AttrDef_HTML_Nmtokens.m in Sources */,
				803FD4681882D0160010D799 /* HTMLPurifier_AttrDef_HTML_LinkTypes.m in Sources */,
				803FD43618805D190010D799 /* HTMLPurifier_Language.m in Sources */,
				803FD43E18805F030010D799 /* HTMLPurifier_IDAccumulator.m in Sources */,
				1ED03945188089B90075F6A4 /* HTMLPurifier_AttrDef_CSS_BackgroundPosition.m in Sources */,
				1ED0392D1880530A0075F6A4 /* HTMLPurifier_CSSDefinition.m in Sources */,
				803FD454188153EE0010D799 /* HTMLPurifier_AttrDef_HTML_Color.m in Sources */,
				803FD45818815BF50010D799 /* HTMLPurifier_AttrDef_HTML_FrameTarget.m in Sources */,
				1ED0396E1880E58C0075F6A4 /* HTMLPurifier_AttrDef_CSS_Number.m in Sources */,
				803FD43218805B760010D799 /* HTMLPurifier_LanguageFactory.m in Sources */,
				1ED03973188145230075F6A4 /* HTMLPurifier_AttrDef_CSS_AlphaValue.m in Sources */,
				803FD46C1882EB180010D799 /* HTMLPurifier_AttrDef_HTML_MultiLength.m in Sources */,
				803FD4261880497E0010D799 /* HTMLPurifier_Context.m in Sources */,
				1ED039511880C8510075F6A4 /* HTMLPurifier_AttrDef_CSS_Percentage.m in Sources */,
				1ED039591880CE810075F6A4 /* HTMLPurifier_AttrDef_CSS_URI.m in Sources */,
				803FD422188048E30010D799 /* HTMLPurifier_Generator.m in Sources */,
				803FD43A18805DF70010D799 /* HTMLPurifier_ErrorCollector.m in Sources */,
				803FD41A188042260010D799 /* HTMLPurifier_Config.m in Sources */,
				1ED03939188068570075F6A4 /* HTMLPurifier_AttrDef_Enum.m in Sources */,
				1EBB81D81882B3C1008B7FA4 /* HTMLPurifier_Lexer_libxmlLex.m in Sources */,
				1ED0394D18808EC90075F6A4 /* HTMLPurifier_Length.m in Sources */,
				1ED0395D1880D46B0075F6A4 /* HTMLPurifier_AttrDef_CSS_TextDecoration.m in Sources */,
				1ED03931188057C60075F6A4 /* HTMLPurifier_AttrDef.m in Sources */,
				1ED0393518805A150075F6A4 /* BasicPHP.m in Sources */,
				803FD4641882B18D0010D799 /* HTMLPurifier_AttrDef_HTML_Length.m in Sources */,
				803FD45C1881621F0010D799 /* HTMLPurifier_AttrDef_HTML_ID.m in Sources */,
				1ED0393D18806E590075F6A4 /* HTMLPurifier_AttrDef_CSS_Multiple.m in Sources */,
				1ED0397718814A850075F6A4 /* HTMLPurifier_AttrDef_CSS_ListStyle.m in Sources */,
				80EDF9CD18803B3200EB1E89 /* HTMLPurifier.m in Sources */,
				1ED0397F1881563F0075F6A4 /* HTMLPurifier_AttrDef_CSS_Background.m in Sources */,
				1ED039411880758F0075F6A4 /* HTMLPurifier_AttrDef_CSS_Composite.m in Sources */,
				803FD41E188048780010D799 /* HTMLPurifier_Strategy_Core.m in Sources */,
				1ED0396A1880E2290075F6A4 /* HTMLPurifier_AttrDef_CSS_Length.m in Sources */,
			);
			runOnlyForDeploymentPostprocessing = 0;
		};
		80EDF9CE18803B3200EB1E89 /* Sources */ = {
			isa = PBXSourcesBuildPhase;
			buildActionMask = 2147483647;
			files = (
				80EDF9E018803B3200EB1E89 /* HTMLPurifierTests.m in Sources */,
			);
			runOnlyForDeploymentPostprocessing = 0;
		};
/* End PBXSourcesBuildPhase section */

/* Begin PBXTargetDependency section */
		80EDF9D718803B3200EB1E89 /* PBXTargetDependency */ = {
			isa = PBXTargetDependency;
			target = 80EDF9BA18803B3200EB1E89 /* HTMLPurifier */;
			targetProxy = 80EDF9D618803B3200EB1E89 /* PBXContainerItemProxy */;
		};
/* End PBXTargetDependency section */

/* Begin PBXVariantGroup section */
		80EDF9C718803B3200EB1E89 /* InfoPlist.strings */ = {
			isa = PBXVariantGroup;
			children = (
				80EDF9C818803B3200EB1E89 /* en */,
			);
			name = InfoPlist.strings;
			sourceTree = "<group>";
		};
		80EDF9DC18803B3200EB1E89 /* InfoPlist.strings */ = {
			isa = PBXVariantGroup;
			children = (
				80EDF9DD18803B3200EB1E89 /* en */,
			);
			name = InfoPlist.strings;
			sourceTree = "<group>";
		};
/* End PBXVariantGroup section */

/* Begin XCBuildConfiguration section */
		80EDF9E118803B3200EB1E89 /* Debug */ = {
			isa = XCBuildConfiguration;
			buildSettings = {
				ALWAYS_SEARCH_USER_PATHS = NO;
				CLANG_CXX_LANGUAGE_STANDARD = "gnu++0x";
				CLANG_CXX_LIBRARY = "libc++";
				CLANG_ENABLE_OBJC_ARC = YES;
				CLANG_WARN_BOOL_CONVERSION = YES;
				CLANG_WARN_CONSTANT_CONVERSION = YES;
				CLANG_WARN_DIRECT_OBJC_ISA_USAGE = YES_ERROR;
				CLANG_WARN_EMPTY_BODY = YES;
				CLANG_WARN_ENUM_CONVERSION = YES;
				CLANG_WARN_INT_CONVERSION = YES;
				CLANG_WARN_OBJC_ROOT_CLASS = YES_ERROR;
				CLANG_WARN__DUPLICATE_METHOD_MATCH = YES;
				COPY_PHASE_STRIP = NO;
				GCC_C_LANGUAGE_STANDARD = gnu99;
				GCC_DYNAMIC_NO_PIC = NO;
				GCC_ENABLE_OBJC_EXCEPTIONS = YES;
				GCC_OPTIMIZATION_LEVEL = 0;
				GCC_PREPROCESSOR_DEFINITIONS = (
					"DEBUG=1",
					"$(inherited)",
				);
				GCC_SYMBOLS_PRIVATE_EXTERN = NO;
				GCC_WARN_64_TO_32_BIT_CONVERSION = YES;
				GCC_WARN_ABOUT_RETURN_TYPE = YES_ERROR;
				GCC_WARN_UNDECLARED_SELECTOR = YES;
				GCC_WARN_UNINITIALIZED_AUTOS = YES;
				GCC_WARN_UNUSED_FUNCTION = YES;
				GCC_WARN_UNUSED_VARIABLE = YES;
				HEADER_SEARCH_PATHS = (
					"$(inherited)",
					"/Applications/Xcode51-DP2.app/Contents/Developer/Toolchains/XcodeDefault.xctoolchain/usr/include",
					"/usr/include/libxml2/**",
				);
				MACOSX_DEPLOYMENT_TARGET = 10.9;
				ONLY_ACTIVE_ARCH = YES;
				SDKROOT = macosx;
			};
			name = Debug;
		};
		80EDF9E218803B3200EB1E89 /* Release */ = {
			isa = XCBuildConfiguration;
			buildSettings = {
				ALWAYS_SEARCH_USER_PATHS = NO;
				CLANG_CXX_LANGUAGE_STANDARD = "gnu++0x";
				CLANG_CXX_LIBRARY = "libc++";
				CLANG_ENABLE_OBJC_ARC = YES;
				CLANG_WARN_BOOL_CONVERSION = YES;
				CLANG_WARN_CONSTANT_CONVERSION = YES;
				CLANG_WARN_DIRECT_OBJC_ISA_USAGE = YES_ERROR;
				CLANG_WARN_EMPTY_BODY = YES;
				CLANG_WARN_ENUM_CONVERSION = YES;
				CLANG_WARN_INT_CONVERSION = YES;
				CLANG_WARN_OBJC_ROOT_CLASS = YES_ERROR;
				CLANG_WARN__DUPLICATE_METHOD_MATCH = YES;
				COPY_PHASE_STRIP = YES;
				DEBUG_INFORMATION_FORMAT = "dwarf-with-dsym";
				ENABLE_NS_ASSERTIONS = NO;
				GCC_C_LANGUAGE_STANDARD = gnu99;
				GCC_ENABLE_OBJC_EXCEPTIONS = YES;
				GCC_WARN_64_TO_32_BIT_CONVERSION = YES;
				GCC_WARN_ABOUT_RETURN_TYPE = YES_ERROR;
				GCC_WARN_UNDECLARED_SELECTOR = YES;
				GCC_WARN_UNINITIALIZED_AUTOS = YES;
				GCC_WARN_UNUSED_FUNCTION = YES;
				GCC_WARN_UNUSED_VARIABLE = YES;
				HEADER_SEARCH_PATHS = (
					"$(inherited)",
					"/Applications/Xcode51-DP2.app/Contents/Developer/Toolchains/XcodeDefault.xctoolchain/usr/include",
					"/usr/include/libxml2/**",
				);
				MACOSX_DEPLOYMENT_TARGET = 10.9;
				SDKROOT = macosx;
			};
			name = Release;
		};
		80EDF9E418803B3200EB1E89 /* Debug */ = {
			isa = XCBuildConfiguration;
			buildSettings = {
				COMBINE_HIDPI_IMAGES = YES;
				DYLIB_COMPATIBILITY_VERSION = 1;
				DYLIB_CURRENT_VERSION = 1;
				FRAMEWORK_VERSION = A;
				GCC_PRECOMPILE_PREFIX_HEADER = YES;
				GCC_PREFIX_HEADER = "HTMLPurifier/HTMLPurifier-Prefix.pch";
				INFOPLIST_FILE = "HTMLPurifier/HTMLPurifier-Info.plist";
				PRODUCT_NAME = "$(TARGET_NAME)";
				WRAPPER_EXTENSION = framework;
			};
			name = Debug;
		};
		80EDF9E518803B3200EB1E89 /* Release */ = {
			isa = XCBuildConfiguration;
			buildSettings = {
				COMBINE_HIDPI_IMAGES = YES;
				DYLIB_COMPATIBILITY_VERSION = 1;
				DYLIB_CURRENT_VERSION = 1;
				FRAMEWORK_VERSION = A;
				GCC_PRECOMPILE_PREFIX_HEADER = YES;
				GCC_PREFIX_HEADER = "HTMLPurifier/HTMLPurifier-Prefix.pch";
				INFOPLIST_FILE = "HTMLPurifier/HTMLPurifier-Info.plist";
				PRODUCT_NAME = "$(TARGET_NAME)";
				WRAPPER_EXTENSION = framework;
			};
			name = Release;
		};
		80EDF9E718803B3200EB1E89 /* Debug */ = {
			isa = XCBuildConfiguration;
			buildSettings = {
				BUNDLE_LOADER = "$(BUILT_PRODUCTS_DIR)/HTMLPurifier.framework/Versions/A/HTMLPurifier";
				COMBINE_HIDPI_IMAGES = YES;
				FRAMEWORK_SEARCH_PATHS = (
					"$(DEVELOPER_FRAMEWORKS_DIR)",
					"$(inherited)",
				);
				GCC_PRECOMPILE_PREFIX_HEADER = YES;
				GCC_PREFIX_HEADER = "HTMLPurifier/HTMLPurifier-Prefix.pch";
				GCC_PREPROCESSOR_DEFINITIONS = (
					"DEBUG=1",
					"$(inherited)",
				);
				INFOPLIST_FILE = "HTMLPurifierTests/HTMLPurifierTests-Info.plist";
				PRODUCT_NAME = "$(TARGET_NAME)";
				TEST_HOST = "$(BUNDLE_LOADER)";
				WRAPPER_EXTENSION = xctest;
			};
			name = Debug;
		};
		80EDF9E818803B3200EB1E89 /* Release */ = {
			isa = XCBuildConfiguration;
			buildSettings = {
				BUNDLE_LOADER = "$(BUILT_PRODUCTS_DIR)/HTMLPurifier.framework/Versions/A/HTMLPurifier";
				COMBINE_HIDPI_IMAGES = YES;
				FRAMEWORK_SEARCH_PATHS = (
					"$(DEVELOPER_FRAMEWORKS_DIR)",
					"$(inherited)",
				);
				GCC_PRECOMPILE_PREFIX_HEADER = YES;
				GCC_PREFIX_HEADER = "HTMLPurifier/HTMLPurifier-Prefix.pch";
				INFOPLIST_FILE = "HTMLPurifierTests/HTMLPurifierTests-Info.plist";
				PRODUCT_NAME = "$(TARGET_NAME)";
				TEST_HOST = "$(BUNDLE_LOADER)";
				WRAPPER_EXTENSION = xctest;
			};
			name = Release;
		};
/* End XCBuildConfiguration section */

/* Begin XCConfigurationList section */
		80EDF9B518803B3200EB1E89 /* Build configuration list for PBXProject "HTMLPurifier" */ = {
			isa = XCConfigurationList;
			buildConfigurations = (
				80EDF9E118803B3200EB1E89 /* Debug */,
				80EDF9E218803B3200EB1E89 /* Release */,
			);
			defaultConfigurationIsVisible = 0;
			defaultConfigurationName = Release;
		};
		80EDF9E318803B3200EB1E89 /* Build configuration list for PBXNativeTarget "HTMLPurifier" */ = {
			isa = XCConfigurationList;
			buildConfigurations = (
				80EDF9E418803B3200EB1E89 /* Debug */,
				80EDF9E518803B3200EB1E89 /* Release */,
			);
			defaultConfigurationIsVisible = 0;
			defaultConfigurationName = Release;
		};
		80EDF9E618803B3200EB1E89 /* Build configuration list for PBXNativeTarget "HTMLPurifierTests" */ = {
			isa = XCConfigurationList;
			buildConfigurations = (
				80EDF9E718803B3200EB1E89 /* Debug */,
				80EDF9E818803B3200EB1E89 /* Release */,
			);
			defaultConfigurationIsVisible = 0;
			defaultConfigurationName = Release;
		};
/* End XCConfigurationList section */
	};
	rootObject = 80EDF9B218803B3200EB1E89 /* Project object */;
}
